
Microsoft Visual Studio Solution File, Format Version 12.00
# Visual Studio 2012
Project("{FAE04EC0-301F-11D3-BF4B-00C04F79EFBC}") = "XamarinIntro", "XamarinIntro\XamarinIntro.csproj", "{6E8CF3D1-0BCF-4104-B20F-1EAB04AD20F8}"
EndProject
Project("{FAE04EC0-301F-11D3-BF4B-00C04F79EFBC}") = "XamarinIntro.iOS", "iOS\XamarinIntro.iOS.csproj", "{E213F134-F003-429F-9BE6-39EF5FA49546}"
EndProject
Project("{FAE04EC0-301F-11D3-BF4B-00C04F79EFBC}") = "XamarinIntro.Droid", "Droid\XamarinIntro.Droid.csproj", "{AC423ADE-0FBE-4265-B6D3-9D979C27C784}"
EndProject
Global
	GlobalSection(SolutionConfigurationPlatforms) = preSolution
		Debug|Any CPU = Debug|Any CPU
		Release|Any CPU = Release|Any CPU
		Debug|iPhoneSimulator = Debug|iPhoneSimulator
		Release|iPhone = Release|iPhone
		Release|iPhoneSimulator = Release|iPhoneSimulator
		Debug|iPhone = Debug|iPhone
	EndGlobalSection
	GlobalSection(ProjectConfigurationPlatforms) = postSolution
		{6E8CF3D1-0BCF-4104-B20F-1EAB04AD20F8}.Debug|Any CPU.ActiveCfg = Debug|Any CPU
		{6E8CF3D1-0BCF-4104-B20F-1EAB04AD20F8}.Debug|Any CPU.Build.0 = Debug|Any CPU
		{6E8CF3D1-0BCF-4104-B20F-1EAB04AD20F8}.Release|Any CPU.ActiveCfg = Release|Any CPU
		{6E8CF3D1-0BCF-4104-B20F-1EAB04AD20F8}.Release|Any CPU.Build.0 = Release|Any CPU
		{6E8CF3D1-0BCF-4104-B20F-1EAB04AD20F8}.Debug|iPhoneSimulator.ActiveCfg = Debug|Any CPU
		{6E8CF3D1-0BCF-4104-B20F-1EAB04AD20F8}.Debug|iPhoneSimulator.Build.0 = Debug|Any CPU
		{6E8CF3D1-0BCF-4104-B20F-1EAB04AD20F8}.Release|iPhone.ActiveCfg = Release|Any CPU
		{6E8CF3D1-0BCF-4104-B20F-1EAB04AD20F8}.Release|iPhone.Build.0 = Release|Any CPU
		{6E8CF3D1-0BCF-4104-B20F-1EAB04AD20F8}.Release|iPhoneSimulator.ActiveCfg = Release|Any CPU
		{6E8CF3D1-0BCF-4104-B20F-1EAB04AD20F8}.Release|iPhoneSimulator.Build.0 = Release|Any CPU
		{6E8CF3D1-0BCF-4104-B20F-1EAB04AD20F8}.Debug|iPhone.ActiveCfg = Debug|Any CPU
		{6E8CF3D1-0BCF-4104-B20F-1EAB04AD20F8}.Debug|iPhone.Build.0 = Debug|Any CPU
		{E213F134-F003-429F-9BE6-39EF5FA49546}.Debug|Any CPU.ActiveCfg = Debug|iPhoneSimulator
		{E213F134-F003-429F-9BE6-39EF5FA49546}.Debug|Any CPU.Build.0 = Debug|iPhoneSimulator
		{E213F134-F003-429F-9BE6-39EF5FA49546}.Release|Any CPU.ActiveCfg = Release|iPhone
		{E213F134-F003-429F-9BE6-39EF5FA49546}.Release|Any CPU.Build.0 = Release|iPhone
		{E213F134-F003-429F-9BE6-39EF5FA49546}.Debug|iPhoneSimulator.ActiveCfg = Debug|iPhoneSimulator
		{E213F134-F003-429F-9BE6-39EF5FA49546}.Debug|iPhoneSimulator.Build.0 = Debug|iPhoneSimulator
		{E213F134-F003-429F-9BE6-39EF5FA49546}.Release|iPhone.ActiveCfg = Release|iPhone
		{E213F134-F003-429F-9BE6-39EF5FA49546}.Release|iPhone.Build.0 = Release|iPhone
		{E213F134-F003-429F-9BE6-39EF5FA49546}.Release|iPhoneSimulator.ActiveCfg = Release|iPhoneSimulator
		{E213F134-F003-429F-9BE6-39EF5FA49546}.Release|iPhoneSimulator.Build.0 = Release|iPhoneSimulator
		{E213F134-F003-429F-9BE6-39EF5FA49546}.Debug|iPhone.ActiveCfg = Debug|iPhone
		{E213F134-F003-429F-9BE6-39EF5FA49546}.Debug|iPhone.Build.0 = Debug|iPhone
		{AC423ADE-0FBE-4265-B6D3-9D979C27C784}.Debug|Any CPU.ActiveCfg = Debug|Any CPU
		{AC423ADE-0FBE-4265-B6D3-9D979C27C784}.Debug|Any CPU.Build.0 = Debug|Any CPU
		{AC423ADE-0FBE-4265-B6D3-9D979C27C784}.Release|Any CPU.ActiveCfg = Release|Any CPU
		{AC423ADE-0FBE-4265-B6D3-9D979C27C784}.Release|Any CPU.Build.0 = Release|Any CPU
		{AC423ADE-0FBE-4265-B6D3-9D979C27C784}.Debug|iPhoneSimulator.ActiveCfg = Debug|Any CPU
		{AC423ADE-0FBE-4265-B6D3-9D979C27C784}.Debug|iPhoneSimulator.Build.0 = Debug|Any CPU
		{AC423ADE-0FBE-4265-B6D3-9D979C27C784}.Release|iPhone.ActiveCfg = Release|Any CPU
		{AC423ADE-0FBE-4265-B6D3-9D979C27C784}.Release|iPhone.Build.0 = Release|Any CPU
		{AC423ADE-0FBE-4265-B6D3-9D979C27C784}.Release|iPhoneSimulator.ActiveCfg = Release|Any CPU
		{AC423ADE-0FBE-4265-B6D3-9D979C27C784}.Release|iPhoneSimulator.Build.0 = Release|Any CPU
		{AC423ADE-0FBE-4265-B6D3-9D979C27C784}.Debug|iPhone.ActiveCfg = Debug|Any CPU
		{AC423ADE-0FBE-4265-B6D3-9D979C27C784}.Debug|iPhone.Build.0 = Debug|Any CPU
	EndGlobalSection
EndGlobal
